
Microsoft Visual Studio Solution File, Format Version 12.00
# Visual Studio 15
VisualStudioVersion = 15.0.26430.16
MinimumVisualStudioVersion = 10.0.40219.1
Project("{FAE04EC0-301F-11D3-BF4B-00C04F79EFBC}") = "WindowsFormsApplication1", "WindowsFormsApplication1\WindowsFormsApplication1.csproj", "{5B0AE85D-C20F-49DE-8CCC-8BBAC00EDB64}"
EndProject
Project("{FAE04EC0-301F-11D3-BF4B-00C04F79EFBC}") = "TTT_Server", "TTT_Server\TTT_Server.csproj", "{A3C84F09-8C1D-4830-9740-2B2875C0FF3C}"
EndProject
Global
	GlobalSection(SolutionConfigurationPlatforms) = preSolution
		Debug|Any CPU = Debug|Any CPU
		Release|Any CPU = Release|Any CPU
	EndGlobalSection
	GlobalSection(ProjectConfigurationPlatforms) = postSolution
		{5B0AE85D-C20F-49DE-8CCC-8BBAC00EDB64}.Debug|Any CPU.ActiveCfg = Debug|Any CPU
		{5B0AE85D-C20F-49DE-8CCC-8BBAC00EDB64}.Debug|Any CPU.Build.0 = Debug|Any CPU
		{5B0AE85D-C20F-49DE-8CCC-8BBAC00EDB64}.Release|Any CPU.ActiveCfg = Release|Any CPU
		{5B0AE85D-C20F-49DE-8CCC-8BBAC00EDB64}.Release|Any CPU.Build.0 = Release|Any CPU
		{A3C84F09-8C1D-4830-9740-2B2875C0FF3C}.Debug|Any CPU.ActiveCfg = Debug|Any CPU
		{A3C84F09-8C1D-4830-9740-2B2875C0FF3C}.Debug|Any CPU.Build.0 = Debug|Any CPU
		{A3C84F09-8C1D-4830-9740-2B2875C0FF3C}.Release|Any CPU.ActiveCfg = Release|Any CPU
		{A3C84F09-8C1D-4830-9740-2B2875C0FF3C}.Release|Any CPU.Build.0 = Release|Any CPU
	EndGlobalSection
	GlobalSection(SolutionProperties) = preSolution
		HideSolutionNode = FALSE
	EndGlobalSection
EndGlobal
